
Microsoft Visual Studio Solution File, Format Version 12.00
# Visual Studio 15
VisualStudioVersion = 15.0.28010.2016
MinimumVisualStudioVersion = 10.0.40219.1
Project("{FAE04EC0-301F-11D3-BF4B-00C04F79EFBC}") = "Questionair", "Questionair\Questionair.csproj", "{7C535D02-F8FD-4190-8C9E-19798FBC1860}"
EndProject
Global
	GlobalSection(SolutionConfigurationPlatforms) = preSolution
		Debug|Any CPU = Debug|Any CPU
		Release|Any CPU = Release|Any CPU
	EndGlobalSection
	GlobalSection(ProjectConfigurationPlatforms) = postSolution
		{7C535D02-F8FD-4190-8C9E-19798FBC1860}.Debug|Any CPU.ActiveCfg = Debug|Any CPU
		{7C535D02-F8FD-4190-8C9E-19798FBC1860}.Debug|Any CPU.Build.0 = Debug|Any CPU
		{7C535D02-F8FD-4190-8C9E-19798FBC1860}.Release|Any CPU.ActiveCfg = Release|Any CPU
		{7C535D02-F8FD-4190-8C9E-19798FBC1860}.Release|Any CPU.Build.0 = Release|Any CPU
	EndGlobalSection
	GlobalSection(SolutionProperties) = preSolution
		HideSolutionNode = FALSE
	EndGlobalSection
	GlobalSection(ExtensibilityGlobals) = postSolution
		SolutionGuid = {9EBEB0C3-BBEF-4EC1-84ED-40BE6EB73FB3}
	EndGlobalSection
EndGlobal
